
Microsoft Visual Studio Solution File, Format Version 12.00
# Visual Studio Version 17
VisualStudioVersion = 17.1.32210.238
MinimumVisualStudioVersion = 10.0.40219.1
Project("{9A19103F-16F7-4668-BE54-9A1E7A4F7556}") = "Algenta.Globalization.LanguageTags", "Algenta.Globalization.LanguageTags\Algenta.Globalization.LanguageTags.csproj", "{73AAF656-4BA4-420E-91D8-9AA36A23AD1D}"
EndProject
Project("{9A19103F-16F7-4668-BE54-9A1E7A4F7556}") = "Algenta.Globalization.LanguageTags.Test", "Algenta.Globalization.LanguageTags.Test\Algenta.Globalization.LanguageTags.Test.csproj", "{903FBBA3-A5FC-4F3A-9A1E-284047F9FE7E}"
EndProject
Project("{2150E333-8FDC-42A3-9474-1A3956D46DE8}") = "Solution Items", "Solution Items", "{091C5EE5-7C4C-498D-B731-5317156C21B7}"
EndProject
Global
	GlobalSection(SolutionConfigurationPlatforms) = preSolution
		Debug|Any CPU = Debug|Any CPU
		Release|Any CPU = Release|Any CPU
	EndGlobalSection
	GlobalSection(ProjectConfigurationPlatforms) = postSolution
		{73AAF656-4BA4-420E-91D8-9AA36A23AD1D}.Debug|Any CPU.ActiveCfg = Debug|Any CPU
		{73AAF656-4BA4-420E-91D8-9AA36A23AD1D}.Debug|Any CPU.Build.0 = Debug|Any CPU
		{73AAF656-4BA4-420E-91D8-9AA36A23AD1D}.Release|Any CPU.ActiveCfg = Release|Any CPU
		{73AAF656-4BA4-420E-91D8-9AA36A23AD1D}.Release|Any CPU.Build.0 = Release|Any CPU
		{903FBBA3-A5FC-4F3A-9A1E-284047F9FE7E}.Debug|Any CPU.ActiveCfg = Debug|Any CPU
		{903FBBA3-A5FC-4F3A-9A1E-284047F9FE7E}.Debug|Any CPU.Build.0 = Debug|Any CPU
		{903FBBA3-A5FC-4F3A-9A1E-284047F9FE7E}.Release|Any CPU.ActiveCfg = Release|Any CPU
		{903FBBA3-A5FC-4F3A-9A1E-284047F9FE7E}.Release|Any CPU.Build.0 = Release|Any CPU
	EndGlobalSection
	GlobalSection(SolutionProperties) = preSolution
		HideSolutionNode = FALSE
	EndGlobalSection
	GlobalSection(ExtensibilityGlobals) = postSolution
		SolutionGuid = {5744B57A-FE15-48DC-8286-C4383A7EEB78}
	EndGlobalSection
	GlobalSection(TestCaseManagementSettings) = postSolution
		CategoryFile = Algenta.Globalization.LanguageTags.vsmdi
	EndGlobalSection
EndGlobal
